
Microsoft Visual Studio Solution File, Format Version 12.00
Project("{FAE04EC0-301F-11D3-BF4B-00C04F79EFBC}") = "Daka.WebApi", "Daka.WebApi\Daka.WebApi.csproj", "{3AA47ACE-6CF1-4E79-9FA7-FBC4C7FBE1DD}"
EndProject
Project("{FAE04EC0-301F-11D3-BF4B-00C04F79EFBC}") = "Daka.WebApi.Test", "Daka.WebApi.Test\Daka.WebApi.Test.csproj", "{632BCF5C-F86E-42C5-9047-CFBFC14ECF6D}"
EndProject
Project("{2150E333-8FDC-42A3-9474-1A3956D46DE8}") = "src", "src", "{3A819DC2-C888-427A-804D-0F2DA74A319A}"
EndProject
Project("{2150E333-8FDC-42A3-9474-1A3956D46DE8}") = "test", "test", "{2AFA1B1D-3BFE-4305-94DD-AEF05209CDE7}"
EndProject
Project("{FAE04EC0-301F-11D3-BF4B-00C04F79EFBC}") = "Daka.Domain", "Daka.Domain\Daka.Domain.csproj", "{C5394EAA-7BAF-4984-8A9A-29658BE0060E}"
EndProject
Project("{FAE04EC0-301F-11D3-BF4B-00C04F79EFBC}") = "Daka.Application", "Daka.Application\Daka.Application.csproj", "{5DB26012-6764-4379-8F3D-02FAF8573C0B}"
EndProject
Project("{FAE04EC0-301F-11D3-BF4B-00C04F79EFBC}") = "Daka.Infrastructure", "Daka.Infrastructure\Daka.Infrastructure.csproj", "{5140226B-6195-472B-A0A9-66C857D77C98}"
EndProject
Project("{FAE04EC0-301F-11D3-BF4B-00C04F79EFBC}") = "Daka.Application.Test", "Daka.Application.Test\Daka.Application.Test.csproj", "{6BAB93C2-80DE-46AE-BB46-08998FEAE978}"
EndProject
Global
	GlobalSection(SolutionConfigurationPlatforms) = preSolution
		Debug|Any CPU = Debug|Any CPU
		Release|Any CPU = Release|Any CPU
	EndGlobalSection
	GlobalSection(ProjectConfigurationPlatforms) = postSolution
		{3AA47ACE-6CF1-4E79-9FA7-FBC4C7FBE1DD}.Debug|Any CPU.ActiveCfg = Debug|Any CPU
		{3AA47ACE-6CF1-4E79-9FA7-FBC4C7FBE1DD}.Debug|Any CPU.Build.0 = Debug|Any CPU
		{3AA47ACE-6CF1-4E79-9FA7-FBC4C7FBE1DD}.Release|Any CPU.ActiveCfg = Release|Any CPU
		{3AA47ACE-6CF1-4E79-9FA7-FBC4C7FBE1DD}.Release|Any CPU.Build.0 = Release|Any CPU
		{632BCF5C-F86E-42C5-9047-CFBFC14ECF6D}.Debug|Any CPU.ActiveCfg = Debug|Any CPU
		{632BCF5C-F86E-42C5-9047-CFBFC14ECF6D}.Debug|Any CPU.Build.0 = Debug|Any CPU
		{632BCF5C-F86E-42C5-9047-CFBFC14ECF6D}.Release|Any CPU.ActiveCfg = Release|Any CPU
		{632BCF5C-F86E-42C5-9047-CFBFC14ECF6D}.Release|Any CPU.Build.0 = Release|Any CPU
		{C5394EAA-7BAF-4984-8A9A-29658BE0060E}.Debug|Any CPU.ActiveCfg = Debug|Any CPU
		{C5394EAA-7BAF-4984-8A9A-29658BE0060E}.Debug|Any CPU.Build.0 = Debug|Any CPU
		{C5394EAA-7BAF-4984-8A9A-29658BE0060E}.Release|Any CPU.ActiveCfg = Release|Any CPU
		{C5394EAA-7BAF-4984-8A9A-29658BE0060E}.Release|Any CPU.Build.0 = Release|Any CPU
		{5DB26012-6764-4379-8F3D-02FAF8573C0B}.Debug|Any CPU.ActiveCfg = Debug|Any CPU
		{5DB26012-6764-4379-8F3D-02FAF8573C0B}.Debug|Any CPU.Build.0 = Debug|Any CPU
		{5DB26012-6764-4379-8F3D-02FAF8573C0B}.Release|Any CPU.ActiveCfg = Release|Any CPU
		{5DB26012-6764-4379-8F3D-02FAF8573C0B}.Release|Any CPU.Build.0 = Release|Any CPU
		{5140226B-6195-472B-A0A9-66C857D77C98}.Debug|Any CPU.ActiveCfg = Debug|Any CPU
		{5140226B-6195-472B-A0A9-66C857D77C98}.Debug|Any CPU.Build.0 = Debug|Any CPU
		{5140226B-6195-472B-A0A9-66C857D77C98}.Release|Any CPU.ActiveCfg = Release|Any CPU
		{5140226B-6195-472B-A0A9-66C857D77C98}.Release|Any CPU.Build.0 = Release|Any CPU
		{6BAB93C2-80DE-46AE-BB46-08998FEAE978}.Debug|Any CPU.ActiveCfg = Debug|Any CPU
		{6BAB93C2-80DE-46AE-BB46-08998FEAE978}.Debug|Any CPU.Build.0 = Debug|Any CPU
		{6BAB93C2-80DE-46AE-BB46-08998FEAE978}.Release|Any CPU.ActiveCfg = Release|Any CPU
		{6BAB93C2-80DE-46AE-BB46-08998FEAE978}.Release|Any CPU.Build.0 = Release|Any CPU
	EndGlobalSection
	GlobalSection(NestedProjects) = preSolution
		{3AA47ACE-6CF1-4E79-9FA7-FBC4C7FBE1DD} = {3A819DC2-C888-427A-804D-0F2DA74A319A}
		{632BCF5C-F86E-42C5-9047-CFBFC14ECF6D} = {2AFA1B1D-3BFE-4305-94DD-AEF05209CDE7}
		{C5394EAA-7BAF-4984-8A9A-29658BE0060E} = {3A819DC2-C888-427A-804D-0F2DA74A319A}
		{5DB26012-6764-4379-8F3D-02FAF8573C0B} = {3A819DC2-C888-427A-804D-0F2DA74A319A}
		{5140226B-6195-472B-A0A9-66C857D77C98} = {3A819DC2-C888-427A-804D-0F2DA74A319A}
		{6BAB93C2-80DE-46AE-BB46-08998FEAE978} = {2AFA1B1D-3BFE-4305-94DD-AEF05209CDE7}
	EndGlobalSection
EndGlobal
